// !$*UTF8*$!
{
	archiveVersion = 1;
	classes = {
	};
	objectVersion = 56;
	objects = {

/* Begin PBXBuildFile section */
		12EA9D8B2B0ACA78005702EF /* Fiscavis2_5App.swift in Sources */ = {isa = PBXBuildFile; fileRef = 12EA9D8A2B0ACA78005702EF /* Fiscavis2_5App.swift */; };
		12EA9D8D2B0ACA78005702EF /* HomeView.swift in Sources */ = {isa = PBXBuildFile; fileRef = 12EA9D8C2B0ACA78005702EF /* HomeView.swift */; };
		12EA9D8F2B0ACA79005702EF /* Assets.xcassets in Resources */ = {isa = PBXBuildFile; fileRef = 12EA9D8E2B0ACA79005702EF /* Assets.xcassets */; };
		12EA9D932B0ACA79005702EF /* Preview Assets.xcassets in Resources */ = {isa = PBXBuildFile; fileRef = 12EA9D922B0ACA79005702EF /* Preview Assets.xcassets */; };
		12EA9D9D2B0ACA7A005702EF /* Fiscavis2_5Tests.swift in Sources */ = {isa = PBXBuildFile; fileRef = 12EA9D9C2B0ACA7A005702EF /* Fiscavis2_5Tests.swift */; };
		12EA9DA72B0ACA7A005702EF /* Fiscavis2_5UITests.swift in Sources */ = {isa = PBXBuildFile; fileRef = 12EA9DA62B0ACA7A005702EF /* Fiscavis2_5UITests.swift */; };
		12EA9DA92B0ACA7A005702EF /* Fiscavis2_5UITestsLaunchTests.swift in Sources */ = {isa = PBXBuildFile; fileRef = 12EA9DA82B0ACA7A005702EF /* Fiscavis2_5UITestsLaunchTests.swift */; };
		12EA9DB92B0ACB4F005702EF /* CoreDataProvider.swift in Sources */ = {isa = PBXBuildFile; fileRef = 12EA9DB82B0ACB4F005702EF /* CoreDataProvider.swift */; };
		12EA9E022B0BE408005702EF /* FiscavisModel.xcdatamodeld in Sources */ = {isa = PBXBuildFile; fileRef = 12EA9E002B0BE408005702EF /* FiscavisModel.xcdatamodeld */; };
		12EA9E042B0BE51A005702EF /* MyList+CoreDataClass.swift in Sources */ = {isa = PBXBuildFile; fileRef = 12EA9E032B0BE51A005702EF /* MyList+CoreDataClass.swift */; };
		12EA9E062B0BE54A005702EF /* MyList+CoreDataProperties.swift in Sources */ = {isa = PBXBuildFile; fileRef = 12EA9E052B0BE54A005702EF /* MyList+CoreDataProperties.swift */; };
		12EA9E082B0BE5B2005702EF /* AddNewBudgetListView.swift in Sources */ = {isa = PBXBuildFile; fileRef = 12EA9E072B0BE5B2005702EF /* AddNewBudgetListView.swift */; };
		12EA9E482B0BF32B005702EF /* IconPickerView.swift in Sources */ = {isa = PBXBuildFile; fileRef = 12EA9E472B0BF32A005702EF /* IconPickerView.swift */; };
		12EA9E4A2B0C10C1005702EF /* HapticsManager.swift in Sources */ = {isa = PBXBuildFile; fileRef = 12EA9E492B0C10C1005702EF /* HapticsManager.swift */; };
/* End PBXBuildFile section */

/* Begin PBXContainerItemProxy section */
		12EA9D992B0ACA7A005702EF /* PBXContainerItemProxy */ = {
			isa = PBXContainerItemProxy;
			containerPortal = 12EA9D7F2B0ACA78005702EF /* Project object */;
			proxyType = 1;
			remoteGlobalIDString = 12EA9D862B0ACA78005702EF;
			remoteInfo = Fiscavis2.5;
		};
		12EA9DA32B0ACA7A005702EF /* PBXContainerItemProxy */ = {
			isa = PBXContainerItemProxy;
			containerPortal = 12EA9D7F2B0ACA78005702EF /* Project object */;
			proxyType = 1;
			remoteGlobalIDString = 12EA9D862B0ACA78005702EF;
			remoteInfo = Fiscavis2.5;
		};
/* End PBXContainerItemProxy section */

/* Begin PBXFileReference section */
		12EA9D872B0ACA78005702EF /* Fiscavis2.5.app */ = {isa = PBXFileReference; explicitFileType = wrapper.application; includeInIndex = 0; path = Fiscavis2.5.app; sourceTree = BUILT_PRODUCTS_DIR; };
		12EA9D8A2B0ACA78005702EF /* Fiscavis2_5App.swift */ = {isa = PBXFileReference; lastKnownFileType = sourcecode.swift; path = Fiscavis2_5App.swift; sourceTree = "<group>"; };
		12EA9D8C2B0ACA78005702EF /* HomeView.swift */ = {isa = PBXFileReference; lastKnownFileType = sourcecode.swift; path = HomeView.swift; sourceTree = "<group>"; };
		12EA9D8E2B0ACA79005702EF /* Assets.xcassets */ = {isa = PBXFileReference; lastKnownFileType = folder.assetcatalog; path = Assets.xcassets; sourceTree = "<group>"; };
		12EA9D902B0ACA79005702EF /* Fiscavis2_5.entitlements */ = {isa = PBXFileReference; lastKnownFileType = text.plist.entitlements; path = Fiscavis2_5.entitlements; sourceTree = "<group>"; };
		12EA9D922B0ACA79005702EF /* Preview Assets.xcassets */ = {isa = PBXFileReference; lastKnownFileType = folder.assetcatalog; path = "Preview Assets.xcassets"; sourceTree = "<group>"; };
		12EA9D982B0ACA7A005702EF /* Fiscavis2.5Tests.xctest */ = {isa = PBXFileReference; explicitFileType = wrapper.cfbundle; includeInIndex = 0; path = Fiscavis2.5Tests.xctest; sourceTree = BUILT_PRODUCTS_DIR; };
		12EA9D9C2B0ACA7A005702EF /* Fiscavis2_5Tests.swift */ = {isa = PBXFileReference; lastKnownFileType = sourcecode.swift; path = Fiscavis2_5Tests.swift; sourceTree = "<group>"; };
		12EA9DA22B0ACA7A005702EF /* Fiscavis2.5UITests.xctest */ = {isa = PBXFileReference; explicitFileType = wrapper.cfbundle; includeInIndex = 0; path = Fiscavis2.5UITests.xctest; sourceTree = BUILT_PRODUCTS_DIR; };
		12EA9DA62B0ACA7A005702EF /* Fiscavis2_5UITests.swift */ = {isa = PBXFileReference; lastKnownFileType = sourcecode.swift; path = Fiscavis2_5UITests.swift; sourceTree = "<group>"; };
		12EA9DA82B0ACA7A005702EF /* Fiscavis2_5UITestsLaunchTests.swift */ = {isa = PBXFileReference; lastKnownFileType = sourcecode.swift; path = Fiscavis2_5UITestsLaunchTests.swift; sourceTree = "<group>"; };
		12EA9DB82B0ACB4F005702EF /* CoreDataProvider.swift */ = {isa = PBXFileReference; lastKnownFileType = sourcecode.swift; path = CoreDataProvider.swift; sourceTree = "<group>"; };
		12EA9E012B0BE408005702EF /* FiscavisModel.xcdatamodel */ = {isa = PBXFileReference; lastKnownFileType = wrapper.xcdatamodel; path = FiscavisModel.xcdatamodel; sourceTree = "<group>"; };
		12EA9E032B0BE51A005702EF /* MyList+CoreDataClass.swift */ = {isa = PBXFileReference; lastKnownFileType = sourcecode.swift; path = "MyList+CoreDataClass.swift"; sourceTree = "<group>"; };
		12EA9E052B0BE54A005702EF /* MyList+CoreDataProperties.swift */ = {isa = PBXFileReference; lastKnownFileType = sourcecode.swift; path = "MyList+CoreDataProperties.swift"; sourceTree = "<group>"; };
		12EA9E072B0BE5B2005702EF /* AddNewBudgetListView.swift */ = {isa = PBXFileReference; lastKnownFileType = sourcecode.swift; path = AddNewBudgetListView.swift; sourceTree = "<group>"; };
		12EA9E472B0BF32A005702EF /* IconPickerView.swift */ = {isa = PBXFileReference; lastKnownFileType = sourcecode.swift; path = IconPickerView.swift; sourceTree = "<group>"; };
		12EA9E492B0C10C1005702EF /* HapticsManager.swift */ = {isa = PBXFileReference; lastKnownFileType = sourcecode.swift; path = HapticsManager.swift; sourceTree = "<group>"; };
/* End PBXFileReference section */

/* Begin PBXFrameworksBuildPhase section */
		12EA9D842B0ACA78005702EF /* Frameworks */ = {
			isa = PBXFrameworksBuildPhase;
			buildActionMask = 2147483647;
			files = (
			);
			runOnlyForDeploymentPostprocessing = 0;
		};
		12EA9D952B0ACA7A005702EF /* Frameworks */ = {
			isa = PBXFrameworksBuildPhase;
			buildActionMask = 2147483647;
			files = (
			);
			runOnlyForDeploymentPostprocessing = 0;
		};
		12EA9D9F2B0ACA7A005702EF /* Frameworks */ = {
			isa = PBXFrameworksBuildPhase;
			buildActionMask = 2147483647;
			files = (
			);
			runOnlyForDeploymentPostprocessing = 0;
		};
/* End PBXFrameworksBuildPhase section */

/* Begin PBXGroup section */
		12EA9D7E2B0ACA78005702EF = {
			isa = PBXGroup;
			children = (
				12EA9E002B0BE408005702EF /* FiscavisModel.xcdatamodeld */,
				12EA9D892B0ACA78005702EF /* Fiscavis2.5 */,
				12EA9D9B2B0ACA7A005702EF /* Fiscavis2.5Tests */,
				12EA9DA52B0ACA7A005702EF /* Fiscavis2.5UITests */,
				12EA9D882B0ACA78005702EF /* Products */,
			);
			sourceTree = "<group>";
		};
		12EA9D882B0ACA78005702EF /* Products */ = {
			isa = PBXGroup;
			children = (
				12EA9D872B0ACA78005702EF /* Fiscavis2.5.app */,
				12EA9D982B0ACA7A005702EF /* Fiscavis2.5Tests.xctest */,
				12EA9DA22B0ACA7A005702EF /* Fiscavis2.5UITests.xctest */,
			);
			name = Products;
			sourceTree = "<group>";
		};
		12EA9D892B0ACA78005702EF /* Fiscavis2.5 */ = {
			isa = PBXGroup;
			children = (
				12EA9DB72B0ACB11005702EF /* Support */,
				12EA9DB62B0ACB09005702EF /* Models */,
				12EA9DB52B0ACB02005702EF /* Views */,
				12EA9D8A2B0ACA78005702EF /* Fiscavis2_5App.swift */,
				12EA9D8E2B0ACA79005702EF /* Assets.xcassets */,
				12EA9D902B0ACA79005702EF /* Fiscavis2_5.entitlements */,
				12EA9D912B0ACA79005702EF /* Preview Content */,
			);
			path = Fiscavis2.5;
			sourceTree = "<group>";
		};
		12EA9D912B0ACA79005702EF /* Preview Content */ = {
			isa = PBXGroup;
			children = (
				12EA9D922B0ACA79005702EF /* Preview Assets.xcassets */,
			);
			path = "Preview Content";
			sourceTree = "<group>";
		};
		12EA9D9B2B0ACA7A005702EF /* Fiscavis2.5Tests */ = {
			isa = PBXGroup;
			children = (
				12EA9D9C2B0ACA7A005702EF /* Fiscavis2_5Tests.swift */,
			);
			path = Fiscavis2.5Tests;
			sourceTree = "<group>";
		};
		12EA9DA52B0ACA7A005702EF /* Fiscavis2.5UITests */ = {
			isa = PBXGroup;
			children = (
				12EA9DA62B0ACA7A005702EF /* Fiscavis2_5UITests.swift */,
				12EA9DA82B0ACA7A005702EF /* Fiscavis2_5UITestsLaunchTests.swift */,
			);
			path = Fiscavis2.5UITests;
			sourceTree = "<group>";
		};
		12EA9DB52B0ACB02005702EF /* Views */ = {
			isa = PBXGroup;
			children = (
				12EA9D8C2B0ACA78005702EF /* HomeView.swift */,
				12EA9E072B0BE5B2005702EF /* AddNewBudgetListView.swift */,
				12EA9E472B0BF32A005702EF /* IconPickerView.swift */,
			);
			path = Views;
			sourceTree = "<group>";
		};
		12EA9DB62B0ACB09005702EF /* Models */ = {
			isa = PBXGroup;
			children = (
				12EA9E032B0BE51A005702EF /* MyList+CoreDataClass.swift */,
				12EA9E052B0BE54A005702EF /* MyList+CoreDataProperties.swift */,
			);
			path = Models;
			sourceTree = "<group>";
		};
		12EA9DB72B0ACB11005702EF /* Support */ = {
			isa = PBXGroup;
			children = (
				12EA9DB82B0ACB4F005702EF /* CoreDataProvider.swift */,
				12EA9E492B0C10C1005702EF /* HapticsManager.swift */,
			);
			path = Support;
			sourceTree = "<group>";
		};
/* End PBXGroup section */

/* Begin PBXNativeTarget section */
		12EA9D862B0ACA78005702EF /* Fiscavis2.5 */ = {
			isa = PBXNativeTarget;
			buildConfigurationList = 12EA9DAC2B0ACA7A005702EF /* Build configuration list for PBXNativeTarget "Fiscavis2.5" */;
			buildPhases = (
				12EA9D832B0ACA78005702EF /* Sources */,
				12EA9D842B0ACA78005702EF /* Frameworks */,
				12EA9D852B0ACA78005702EF /* Resources */,
			);
			buildRules = (
			);
			dependencies = (
			);
			name = Fiscavis2.5;
			productName = Fiscavis2.5;
			productReference = 12EA9D872B0ACA78005702EF /* Fiscavis2.5.app */;
			productType = "com.apple.product-type.application";
		};
		12EA9D972B0ACA7A005702EF /* Fiscavis2.5Tests */ = {
			isa = PBXNativeTarget;
			buildConfigurationList = 12EA9DAF2B0ACA7A005702EF /* Build configuration list for PBXNativeTarget "Fiscavis2.5Tests" */;
			buildPhases = (
				12EA9D942B0ACA7A005702EF /* Sources */,
				12EA9D952B0ACA7A005702EF /* Frameworks */,
				12EA9D962B0ACA7A005702EF /* Resources */,
			);
			buildRules = (
			);
			dependencies = (
				12EA9D9A2B0ACA7A005702EF /* PBXTargetDependency */,
			);
			name = Fiscavis2.5Tests;
			productName = Fiscavis2.5Tests;
			productReference = 12EA9D982B0ACA7A005702EF /* Fiscavis2.5Tests.xctest */;
			productType = "com.apple.product-type.bundle.unit-test";
		};
		12EA9DA12B0ACA7A005702EF /* Fiscavis2.5UITests */ = {
			isa = PBXNativeTarget;
			buildConfigurationList = 12EA9DB22B0ACA7A005702EF /* Build configuration list for PBXNativeTarget "Fiscavis2.5UITests" */;
			buildPhases = (
				12EA9D9E2B0ACA7A005702EF /* Sources */,
				12EA9D9F2B0ACA7A005702EF /* Frameworks */,
				12EA9DA02B0ACA7A005702EF /* Resources */,
			);
			buildRules = (
			);
			dependencies = (
				12EA9DA42B0ACA7A005702EF /* PBXTargetDependency */,
			);
			name = Fiscavis2.5UITests;
			productName = Fiscavis2.5UITests;
			productReference = 12EA9DA22B0ACA7A005702EF /* Fiscavis2.5UITests.xctest */;
			productType = "com.apple.product-type.bundle.ui-testing";
		};
/* End PBXNativeTarget section */

/* Begin PBXProject section */
		12EA9D7F2B0ACA78005702EF /* Project object */ = {
			isa = PBXProject;
			attributes = {
				BuildIndependentTargetsInParallel = 1;
				LastSwiftUpdateCheck = 1500;
				LastUpgradeCheck = 1500;
				TargetAttributes = {
					12EA9D862B0ACA78005702EF = {
						CreatedOnToolsVersion = 15.0.1;
					};
					12EA9D972B0ACA7A005702EF = {
						CreatedOnToolsVersion = 15.0.1;
						TestTargetID = 12EA9D862B0ACA78005702EF;
					};
					12EA9DA12B0ACA7A005702EF = {
						CreatedOnToolsVersion = 15.0.1;
						TestTargetID = 12EA9D862B0ACA78005702EF;
					};
				};
			};
			buildConfigurationList = 12EA9D822B0ACA78005702EF /* Build configuration list for PBXProject "Fiscavis2.5" */;
			compatibilityVersion = "Xcode 14.0";
			developmentRegion = en;
			hasScannedForEncodings = 0;
			knownRegions = (
				en,
				Base,
			);
			mainGroup = 12EA9D7E2B0ACA78005702EF;
			productRefGroup = 12EA9D882B0ACA78005702EF /* Products */;
			projectDirPath = "";
			projectRoot = "";
			targets = (
				12EA9D862B0ACA78005702EF /* Fiscavis2.5 */,
				12EA9D972B0ACA7A005702EF /* Fiscavis2.5Tests */,
				12EA9DA12B0ACA7A005702EF /* Fiscavis2.5UITests */,
			);
		};
/* End PBXProject section */

/* Begin PBXResourcesBuildPhase section */
		12EA9D852B0ACA78005702EF /* Resources */ = {
			isa = PBXResourcesBuildPhase;
			buildActionMask = 2147483647;
			files = (
				12EA9D932B0ACA79005702EF /* Preview Assets.xcassets in Resources */,
				12EA9D8F2B0ACA79005702EF /* Assets.xcassets in Resources */,
			);
			runOnlyForDeploymentPostprocessing = 0;
		};
		12EA9D962B0ACA7A005702EF /* Resources */ = {
			isa = PBXResourcesBuildPhase;
			buildActionMask = 2147483647;
			files = (
			);
			runOnlyForDeploymentPostprocessing = 0;
		};
		12EA9DA02B0ACA7A005702EF /* Resources */ = {
			isa = PBXResourcesBuildPhase;
			buildActionMask = 2147483647;
			files = (
			);
			runOnlyForDeploymentPostprocessing = 0;
		};
/* End PBXResourcesBuildPhase section */

/* Begin PBXSourcesBuildPhase section */
		12EA9D832B0ACA78005702EF /* Sources */ = {
			isa = PBXSourcesBuildPhase;
			buildActionMask = 2147483647;
			files = (
				12EA9D8D2B0ACA78005702EF /* HomeView.swift in Sources */,
				12EA9D8B2B0ACA78005702EF /* Fiscavis2_5App.swift in Sources */,
				12EA9DB92B0ACB4F005702EF /* CoreDataProvider.swift in Sources */,
				12EA9E062B0BE54A005702EF /* MyList+CoreDataProperties.swift in Sources */,
				12EA9E482B0BF32B005702EF /* IconPickerView.swift in Sources */,
				12EA9E082B0BE5B2005702EF /* AddNewBudgetListView.swift in Sources */,
				12EA9E042B0BE51A005702EF /* MyList+CoreDataClass.swift in Sources */,
				12EA9E4A2B0C10C1005702EF /* HapticsManager.swift in Sources */,
				12EA9E022B0BE408005702EF /* FiscavisModel.xcdatamodeld in Sources */,
			);
			runOnlyForDeploymentPostprocessing = 0;
		};
		12EA9D942B0ACA7A005702EF /* Sources */ = {
			isa = PBXSourcesBuildPhase;
			buildActionMask = 2147483647;
			files = (
				12EA9D9D2B0ACA7A005702EF /* Fiscavis2_5Tests.swift in Sources */,
			);
			runOnlyForDeploymentPostprocessing = 0;
		};
		12EA9D9E2B0ACA7A005702EF /* Sources */ = {
			isa = PBXSourcesBuildPhase;
			buildActionMask = 2147483647;
			files = (
				12EA9DA72B0ACA7A005702EF /* Fiscavis2_5UITests.swift in Sources */,
				12EA9DA92B0ACA7A005702EF /* Fiscavis2_5UITestsLaunchTests.swift in Sources */,
			);
			runOnlyForDeploymentPostprocessing = 0;
		};
/* End PBXSourcesBuildPhase section */

/* Begin PBXTargetDependency section */
		12EA9D9A2B0ACA7A005702EF /* PBXTargetDependency */ = {
			isa = PBXTargetDependency;
			target = 12EA9D862B0ACA78005702EF /* Fiscavis2.5 */;
			targetProxy = 12EA9D992B0ACA7A005702EF /* PBXContainerItemProxy */;
		};
		12EA9DA42B0ACA7A005702EF /* PBXTargetDependency */ = {
			isa = PBXTargetDependency;
			target = 12EA9D862B0ACA78005702EF /* Fiscavis2.5 */;
			targetProxy = 12EA9DA32B0ACA7A005702EF /* PBXContainerItemProxy */;
		};
/* End PBXTargetDependency section */

/* Begin XCBuildConfiguration section */
		12EA9DAA2B0ACA7A005702EF /* Debug */ = {
			isa = XCBuildConfiguration;
			buildSettings = {
				ALWAYS_SEARCH_USER_PATHS = NO;
				ASSETCATALOG_COMPILER_GENERATE_SWIFT_ASSET_SYMBOL_EXTENSIONS = YES;
				CLANG_ANALYZER_NONNULL = YES;
				CLANG_ANALYZER_NUMBER_OBJECT_CONVERSION = YES_AGGRESSIVE;
				CLANG_CXX_LANGUAGE_STANDARD = "gnu++20";
				CLANG_ENABLE_MODULES = YES;
				CLANG_ENABLE_OBJC_ARC = YES;
				CLANG_ENABLE_OBJC_WEAK = YES;
				CLANG_WARN_BLOCK_CAPTURE_AUTORELEASING = YES;
				CLANG_WARN_BOOL_CONVERSION = YES;
				CLANG_WARN_COMMA = YES;
				CLANG_WARN_CONSTANT_CONVERSION = YES;
				CLANG_WARN_DEPRECATED_OBJC_IMPLEMENTATIONS = YES;
				CLANG_WARN_DIRECT_OBJC_ISA_USAGE = YES_ERROR;
				CLANG_WARN_DOCUMENTATION_COMMENTS = YES;
				CLANG_WARN_EMPTY_BODY = YES;
				CLANG_WARN_ENUM_CONVERSION = YES;
				CLANG_WARN_INFINITE_RECURSION = YES;
				CLANG_WARN_INT_CONVERSION = YES;
				CLANG_WARN_NON_LITERAL_NULL_CONVERSION = YES;
				CLANG_WARN_OBJC_IMPLICIT_RETAIN_SELF = YES;
				CLANG_WARN_OBJC_LITERAL_CONVERSION = YES;
				CLANG_WARN_OBJC_ROOT_CLASS = YES_ERROR;
				CLANG_WARN_QUOTED_INCLUDE_IN_FRAMEWORK_HEADER = YES;
				CLANG_WARN_RANGE_LOOP_ANALYSIS = YES;
				CLANG_WARN_STRICT_PROTOTYPES = YES;
				CLANG_WARN_SUSPICIOUS_MOVE = YES;
				CLANG_WARN_UNGUARDED_AVAILABILITY = YES_AGGRESSIVE;
				CLANG_WARN_UNREACHABLE_CODE = YES;
				CLANG_WARN__DUPLICATE_METHOD_MATCH = YES;
				COPY_PHASE_STRIP = NO;
				DEBUG_INFORMATION_FORMAT = dwarf;
				ENABLE_STRICT_OBJC_MSGSEND = YES;
				ENABLE_TESTABILITY = YES;
				ENABLE_USER_SCRIPT_SANDBOXING = YES;
				GCC_C_LANGUAGE_STANDARD = gnu17;
				GCC_DYNAMIC_NO_PIC = NO;
				GCC_NO_COMMON_BLOCKS = YES;
				GCC_OPTIMIZATION_LEVEL = 0;
				GCC_PREPROCESSOR_DEFINITIONS = (
					"DEBUG=1",
					"$(inherited)",
				);
				GCC_WARN_64_TO_32_BIT_CONVERSION = YES;
				GCC_WARN_ABOUT_RETURN_TYPE = YES_ERROR;
				GCC_WARN_UNDECLARED_SELECTOR = YES;
				GCC_WARN_UNINITIALIZED_AUTOS = YES_AGGRESSIVE;
				GCC_WARN_UNUSED_FUNCTION = YES;
				GCC_WARN_UNUSED_VARIABLE = YES;
				LOCALIZATION_PREFERS_STRING_CATALOGS = YES;
				MTL_ENABLE_DEBUG_INFO = INCLUDE_SOURCE;
				MTL_FAST_MATH = YES;
				ONLY_ACTIVE_ARCH = YES;
				SWIFT_ACTIVE_COMPILATION_CONDITIONS = "DEBUG $(inherited)";
				SWIFT_OPTIMIZATION_LEVEL = "-Onone";
			};
			name = Debug;
		};
		12EA9DAB2B0ACA7A005702EF /* Release */ = {
			isa = XCBuildConfiguration;
			buildSettings = {
				ALWAYS_SEARCH_USER_PATHS = NO;
				ASSETCATALOG_COMPILER_GENERATE_SWIFT_ASSET_SYMBOL_EXTENSIONS = YES;
				CLANG_ANALYZER_NONNULL = YES;
				CLANG_ANALYZER_NUMBER_OBJECT_CONVERSION = YES_AGGRESSIVE;
				CLANG_CXX_LANGUAGE_STANDARD = "gnu++20";
				CLANG_ENABLE_MODULES = YES;
				CLANG_ENABLE_OBJC_ARC = YES;
				CLANG_ENABLE_OBJC_WEAK = YES;
				CLANG_WARN_BLOCK_CAPTURE_AUTORELEASING = YES;
				CLANG_WARN_BOOL_CONVERSION = YES;
				CLANG_WARN_COMMA = YES;
				CLANG_WARN_CONSTANT_CONVERSION = YES;
				CLANG_WARN_DEPRECATED_OBJC_IMPLEMENTATIONS = YES;
				CLANG_WARN_DIRECT_OBJC_ISA_USAGE = YES_ERROR;
				CLANG_WARN_DOCUMENTATION_COMMENTS = YES;
				CLANG_WARN_EMPTY_BODY = YES;
				CLANG_WARN_ENUM_CONVERSION = YES;
				CLANG_WARN_INFINITE_RECURSION = YES;
				CLANG_WARN_INT_CONVERSION = YES;
				CLANG_WARN_NON_LITERAL_NULL_CONVERSION = YES;
				CLANG_WARN_OBJC_IMPLICIT_RETAIN_SELF = YES;
				CLANG_WARN_OBJC_LITERAL_CONVERSION = YES;
				CLANG_WARN_OBJC_ROOT_CLASS = YES_ERROR;
				CLANG_WARN_QUOTED_INCLUDE_IN_FRAMEWORK_HEADER = YES;
				CLANG_WARN_RANGE_LOOP_ANALYSIS = YES;
				CLANG_WARN_STRICT_PROTOTYPES = YES;
				CLANG_WARN_SUSPICIOUS_MOVE = YES;
				CLANG_WARN_UNGUARDED_AVAILABILITY = YES_AGGRESSIVE;
				CLANG_WARN_UNREACHABLE_CODE = YES;
				CLANG_WARN__DUPLICATE_METHOD_MATCH = YES;
				COPY_PHASE_STRIP = NO;
				DEBUG_INFORMATION_FORMAT = "dwarf-with-dsym";
				ENABLE_NS_ASSERTIONS = NO;
				ENABLE_STRICT_OBJC_MSGSEND = YES;
				ENABLE_USER_SCRIPT_SANDBOXING = YES;
				GCC_C_LANGUAGE_STANDARD = gnu17;
				GCC_NO_COMMON_BLOCKS = YES;
				GCC_WARN_64_TO_32_BIT_CONVERSION = YES;
				GCC_WARN_ABOUT_RETURN_TYPE = YES_ERROR;
				GCC_WARN_UNDECLARED_SELECTOR = YES;
				GCC_WARN_UNINITIALIZED_AUTOS = YES_AGGRESSIVE;
				GCC_WARN_UNUSED_FUNCTION = YES;
				GCC_WARN_UNUSED_VARIABLE = YES;
				LOCALIZATION_PREFERS_STRING_CATALOGS = YES;
				MTL_ENABLE_DEBUG_INFO = NO;
				MTL_FAST_MATH = YES;
				SWIFT_COMPILATION_MODE = wholemodule;
			};
			name = Release;
		};
		12EA9DAD2B0ACA7A005702EF /* Debug */ = {
			isa = XCBuildConfiguration;
			buildSettings = {
				ASSETCATALOG_COMPILER_APPICON_NAME = AppIcon;
				ASSETCATALOG_COMPILER_GLOBAL_ACCENT_COLOR_NAME = AccentColor;
				CODE_SIGN_ENTITLEMENTS = Fiscavis2.5/Fiscavis2_5.entitlements;
				CODE_SIGN_STYLE = Automatic;
				CURRENT_PROJECT_VERSION = 1;
				DEVELOPMENT_ASSET_PATHS = "\"Fiscavis2.5/Preview Content\"";
				DEVELOPMENT_TEAM = 8QQYNTY523;
				ENABLE_HARDENED_RUNTIME = YES;
				ENABLE_PREVIEWS = YES;
				GENERATE_INFOPLIST_FILE = YES;
				"INFOPLIST_KEY_UIApplicationSceneManifest_Generation[sdk=iphoneos*]" = YES;
				"INFOPLIST_KEY_UIApplicationSceneManifest_Generation[sdk=iphonesimulator*]" = YES;
				"INFOPLIST_KEY_UIApplicationSupportsIndirectInputEvents[sdk=iphoneos*]" = YES;
				"INFOPLIST_KEY_UIApplicationSupportsIndirectInputEvents[sdk=iphonesimulator*]" = YES;
				"INFOPLIST_KEY_UILaunchScreen_Generation[sdk=iphoneos*]" = YES;
				"INFOPLIST_KEY_UILaunchScreen_Generation[sdk=iphonesimulator*]" = YES;
				"INFOPLIST_KEY_UIStatusBarStyle[sdk=iphoneos*]" = UIStatusBarStyleDefault;
				"INFOPLIST_KEY_UIStatusBarStyle[sdk=iphonesimulator*]" = UIStatusBarStyleDefault;
				INFOPLIST_KEY_UISupportedInterfaceOrientations_iPad = "UIInterfaceOrientationPortrait UIInterfaceOrientationPortraitUpsideDown UIInterfaceOrientationLandscapeLeft UIInterfaceOrientationLandscapeRight";
				INFOPLIST_KEY_UISupportedInterfaceOrientations_iPhone = "UIInterfaceOrientationPortrait UIInterfaceOrientationLandscapeLeft UIInterfaceOrientationLandscapeRight";
				IPHONEOS_DEPLOYMENT_TARGET = 17.0;
				LD_RUNPATH_SEARCH_PATHS = "@executable_path/Frameworks";
				"LD_RUNPATH_SEARCH_PATHS[sdk=macosx*]" = "@executable_path/../Frameworks";
				MACOSX_DEPLOYMENT_TARGET = 14.0;
				MARKETING_VERSION = 1.0;
				PRODUCT_BUNDLE_IDENTIFIER = "com.weldtactics.Fiscavis2-5";
				PRODUCT_NAME = "$(TARGET_NAME)";
				SDKROOT = auto;
				SUPPORTED_PLATFORMS = "iphoneos iphonesimulator macosx";
				SWIFT_EMIT_LOC_STRINGS = YES;
				SWIFT_VERSION = 5.0;
				TARGETED_DEVICE_FAMILY = "1,2";
			};
			name = Debug;
		};
		12EA9DAE2B0ACA7A005702EF /* Release */ = {
			isa = XCBuildConfiguration;
			buildSettings = {
				ASSETCATALOG_COMPILER_APPICON_NAME = AppIcon;
				ASSETCATALOG_COMPILER_GLOBAL_ACCENT_COLOR_NAME = AccentColor;
				CODE_SIGN_ENTITLEMENTS = Fiscavis2.5/Fiscavis2_5.entitlements;
				CODE_SIGN_STYLE = Automatic;
				CURRENT_PROJECT_VERSION = 1;
				DEVELOPMENT_ASSET_PATHS = "\"Fiscavis2.5/Preview Content\"";
				DEVELOPMENT_TEAM = 8QQYNTY523;
				ENABLE_HARDENED_RUNTIME = YES;
				ENABLE_PREVIEWS = YES;
				GENERATE_INFOPLIST_FILE = YES;
				"INFOPLIST_KEY_UIApplicationSceneManifest_Generation[sdk=iphoneos*]" = YES;
				"INFOPLIST_KEY_UIApplicationSceneManifest_Generation[sdk=iphonesimulator*]" = YES;
				"INFOPLIST_KEY_UIApplicationSupportsIndirectInputEvents[sdk=iphoneos*]" = YES;
				"INFOPLIST_KEY_UIApplicationSupportsIndirectInputEvents[sdk=iphonesimulator*]" = YES;
				"INFOPLIST_KEY_UILaunchScreen_Generation[sdk=iphoneos*]" = YES;
				"INFOPLIST_KEY_UILaunchScreen_Generation[sdk=iphonesimulator*]" = YES;
				"INFOPLIST_KEY_UIStatusBarStyle[sdk=iphoneos*]" = UIStatusBarStyleDefault;
				"INFOPLIST_KEY_UIStatusBarStyle[sdk=iphonesimulator*]" = UIStatusBarStyleDefault;
				INFOPLIST_KEY_UISupportedInterfaceOrientations_iPad = "UIInterfaceOrientationPortrait UIInterfaceOrientationPortraitUpsideDown UIInterfaceOrientationLandscapeLeft UIInterfaceOrientationLandscapeRight";
				INFOPLIST_KEY_UISupportedInterfaceOrientations_iPhone = "UIInterfaceOrientationPortrait UIInterfaceOrientationLandscapeLeft UIInterfaceOrientationLandscapeRight";
				IPHONEOS_DEPLOYMENT_TARGET = 17.0;
				LD_RUNPATH_SEARCH_PATHS = "@executable_path/Frameworks";
				"LD_RUNPATH_SEARCH_PATHS[sdk=macosx*]" = "@executable_path/../Frameworks";
				MACOSX_DEPLOYMENT_TARGET = 14.0;
				MARKETING_VERSION = 1.0;
				PRODUCT_BUNDLE_IDENTIFIER = "com.weldtactics.Fiscavis2-5";
				PRODUCT_NAME = "$(TARGET_NAME)";
				SDKROOT = auto;
				SUPPORTED_PLATFORMS = "iphoneos iphonesimulator macosx";
				SWIFT_EMIT_LOC_STRINGS = YES;
				SWIFT_VERSION = 5.0;
				TARGETED_DEVICE_FAMILY = "1,2";
			};
			name = Release;
		};
		12EA9DB02B0ACA7A005702EF /* Debug */ = {
			isa = XCBuildConfiguration;
			buildSettings = {
				ALWAYS_EMBED_SWIFT_STANDARD_LIBRARIES = YES;
				BUNDLE_LOADER = "$(TEST_HOST)";
				CODE_SIGN_STYLE = Automatic;
				CURRENT_PROJECT_VERSION = 1;
				DEVELOPMENT_TEAM = 8QQYNTY523;
				GENERATE_INFOPLIST_FILE = YES;
				IPHONEOS_DEPLOYMENT_TARGET = 17.0;
				MACOSX_DEPLOYMENT_TARGET = 14.0;
				MARKETING_VERSION = 1.0;
				PRODUCT_BUNDLE_IDENTIFIER = "com.weldtactics.Fiscavis2-5Tests";
				PRODUCT_NAME = "$(TARGET_NAME)";
				SDKROOT = auto;
				SUPPORTED_PLATFORMS = "iphoneos iphonesimulator macosx";
				SWIFT_EMIT_LOC_STRINGS = NO;
				SWIFT_VERSION = 5.0;
				TARGETED_DEVICE_FAMILY = "1,2";
				TEST_HOST = "$(BUILT_PRODUCTS_DIR)/Fiscavis2.5.app/$(BUNDLE_EXECUTABLE_FOLDER_PATH)/Fiscavis2.5";
			};
			name = Debug;
		};
		12EA9DB12B0ACA7A005702EF /* Release */ = {
			isa = XCBuildConfiguration;
			buildSettings = {
				ALWAYS_EMBED_SWIFT_STANDARD_LIBRARIES = YES;
				BUNDLE_LOADER = "$(TEST_HOST)";
				CODE_SIGN_STYLE = Automatic;
				CURRENT_PROJECT_VERSION = 1;
				DEVELOPMENT_TEAM = 8QQYNTY523;
				GENERATE_INFOPLIST_FILE = YES;
				IPHONEOS_DEPLOYMENT_TARGET = 17.0;
				MACOSX_DEPLOYMENT_TARGET = 14.0;
				MARKETING_VERSION = 1.0;
				PRODUCT_BUNDLE_IDENTIFIER = "com.weldtactics.Fiscavis2-5Tests";
				PRODUCT_NAME = "$(TARGET_NAME)";
				SDKROOT = auto;
				SUPPORTED_PLATFORMS = "iphoneos iphonesimulator macosx";
				SWIFT_EMIT_LOC_STRINGS = NO;
				SWIFT_VERSION = 5.0;
				TARGETED_DEVICE_FAMILY = "1,2";
				TEST_HOST = "$(BUILT_PRODUCTS_DIR)/Fiscavis2.5.app/$(BUNDLE_EXECUTABLE_FOLDER_PATH)/Fiscavis2.5";
			};
			name = Release;
		};
		12EA9DB32B0ACA7A005702EF /* Debug */ = {
			isa = XCBuildConfiguration;
			buildSettings = {
				ALWAYS_EMBED_SWIFT_STANDARD_LIBRARIES = YES;
				CODE_SIGN_STYLE = Automatic;
				CURRENT_PROJECT_VERSION = 1;
				DEVELOPMENT_TEAM = 8QQYNTY523;
				GENERATE_INFOPLIST_FILE = YES;
				IPHONEOS_DEPLOYMENT_TARGET = 17.0;
				MACOSX_DEPLOYMENT_TARGET = 14.0;
				MARKETING_VERSION = 1.0;
				PRODUCT_BUNDLE_IDENTIFIER = "com.weldtactics.Fiscavis2-5UITests";
				PRODUCT_NAME = "$(TARGET_NAME)";
				SDKROOT = auto;
				SUPPORTED_PLATFORMS = "iphoneos iphonesimulator macosx";
				SWIFT_EMIT_LOC_STRINGS = NO;
				SWIFT_VERSION = 5.0;
				TARGETED_DEVICE_FAMILY = "1,2";
				TEST_TARGET_NAME = Fiscavis2.5;
			};
			name = Debug;
		};
		12EA9DB42B0ACA7A005702EF /* Release */ = {
			isa = XCBuildConfiguration;
			buildSettings = {
				ALWAYS_EMBED_SWIFT_STANDARD_LIBRARIES = YES;
				CODE_SIGN_STYLE = Automatic;
				CURRENT_PROJECT_VERSION = 1;
				DEVELOPMENT_TEAM = 8QQYNTY523;
				GENERATE_INFOPLIST_FILE = YES;
				IPHONEOS_DEPLOYMENT_TARGET = 17.0;
				MACOSX_DEPLOYMENT_TARGET = 14.0;
				MARKETING_VERSION = 1.0;
				PRODUCT_BUNDLE_IDENTIFIER = "com.weldtactics.Fiscavis2-5UITests";
				PRODUCT_NAME = "$(TARGET_NAME)";
				SDKROOT = auto;
				SUPPORTED_PLATFORMS = "iphoneos iphonesimulator macosx";
				SWIFT_EMIT_LOC_STRINGS = NO;
				SWIFT_VERSION = 5.0;
				TARGETED_DEVICE_FAMILY = "1,2";
				TEST_TARGET_NAME = Fiscavis2.5;
			};
			name = Release;
		};
/* End XCBuildConfiguration section */

/* Begin XCConfigurationList section */
		12EA9D822B0ACA78005702EF /* Build configuration list for PBXProject "Fiscavis2.5" */ = {
			isa = XCConfigurationList;
			buildConfigurations = (
				12EA9DAA2B0ACA7A005702EF /* Debug */,
				12EA9DAB2B0ACA7A005702EF /* Release */,
			);
			defaultConfigurationIsVisible = 0;
			defaultConfigurationName = Release;
		};
		12EA9DAC2B0ACA7A005702EF /* Build configuration list for PBXNativeTarget "Fiscavis2.5" */ = {
			isa = XCConfigurationList;
			buildConfigurations = (
				12EA9DAD2B0ACA7A005702EF /* Debug */,
				12EA9DAE2B0ACA7A005702EF /* Release */,
			);
			defaultConfigurationIsVisible = 0;
			defaultConfigurationName = Release;
		};
		12EA9DAF2B0ACA7A005702EF /* Build configuration list for PBXNativeTarget "Fiscavis2.5Tests" */ = {
			isa = XCConfigurationList;
			buildConfigurations = (
				12EA9DB02B0ACA7A005702EF /* Debug */,
				12EA9DB12B0ACA7A005702EF /* Release */,
			);
			defaultConfigurationIsVisible = 0;
			defaultConfigurationName = Release;
		};
		12EA9DB22B0ACA7A005702EF /* Build configuration list for PBXNativeTarget "Fiscavis2.5UITests" */ = {
			isa = XCConfigurationList;
			buildConfigurations = (
				12EA9DB32B0ACA7A005702EF /* Debug */,
				12EA9DB42B0ACA7A005702EF /* Release */,
			);
			defaultConfigurationIsVisible = 0;
			defaultConfigurationName = Release;
		};
/* End XCConfigurationList section */

/* Begin XCVersionGroup section */
		12EA9E002B0BE408005702EF /* FiscavisModel.xcdatamodeld */ = {
			isa = XCVersionGroup;
			children = (
				12EA9E012B0BE408005702EF /* FiscavisModel.xcdatamodel */,
			);
			currentVersion = 12EA9E012B0BE408005702EF /* FiscavisModel.xcdatamodel */;
			path = FiscavisModel.xcdatamodeld;
			sourceTree = "<group>";
			versionGroupType = wrapper.xcdatamodel;
		};
/* End XCVersionGroup section */
	};
	rootObject = 12EA9D7F2B0ACA78005702EF /* Project object */;
}
